Microsoft Visual Studio Solution File, Format Version 11.00
# Visual Studio 2008

Project("{C235ED25-5930-2364-94A0-C8584307B3D0}") = "Unity2D stuff", "Assembly-CSharp.csproj", "{B9B16190-3844-0341-B2EA-B2F2BBADAD48}"
EndProject
Global
	GlobalSection(SolutionConfigurationPlatforms) = preSolution
		Debug|Any CPU = Debug|Any CPU
		Release|Any CPU = Release|Any CPU
	EndGlobalSection
	GlobalSection(ProjectConfigurationPlatforms) = postSolution
		{B9B16190-3844-0341-B2EA-B2F2BBADAD48}.Debug|Any CPU.ActiveCfg = Debug|Any CPU
		{B9B16190-3844-0341-B2EA-B2F2BBADAD48}.Debug|Any CPU.Build.0 = Debug|Any CPU
		{B9B16190-3844-0341-B2EA-B2F2BBADAD48}.Release|Any CPU.ActiveCfg = Release|Any CPU
		{B9B16190-3844-0341-B2EA-B2F2BBADAD48}.Release|Any CPU.Build.0 = Release|Any CPU
	EndGlobalSection
	GlobalSection(SolutionProperties) = preSolution
		HideSolutionNode = FALSE
	EndGlobalSection
	
EndGlobal
