Microsoft Visual Studio Solution File, Format Version 11.00
# Visual Studio 2008

Project("{C13BAE14-1B22-C4C5-ABC8-736FF1D486F6}") = "Hack and Slash", "Assembly-CSharp.csproj", "{97E8D58A-24FD-5A1B-10FE-B32B6082DA6A}"
EndProject
Global
	GlobalSection(SolutionConfigurationPlatforms) = preSolution
		Debug|Any CPU = Debug|Any CPU
		Release|Any CPU = Release|Any CPU
	EndGlobalSection
	GlobalSection(ProjectConfigurationPlatforms) = postSolution
		{97E8D58A-24FD-5A1B-10FE-B32B6082DA6A}.Debug|Any CPU.ActiveCfg = Debug|Any CPU
		{97E8D58A-24FD-5A1B-10FE-B32B6082DA6A}.Debug|Any CPU.Build.0 = Debug|Any CPU
		{97E8D58A-24FD-5A1B-10FE-B32B6082DA6A}.Release|Any CPU.ActiveCfg = Release|Any CPU
		{97E8D58A-24FD-5A1B-10FE-B32B6082DA6A}.Release|Any CPU.Build.0 = Release|Any CPU
	EndGlobalSection
	GlobalSection(SolutionProperties) = preSolution
		HideSolutionNode = FALSE
	EndGlobalSection
	
EndGlobal
